// !$*UTF8*$!
{
	archiveVersion = 1;
	classes = {
	};
	objectVersion = 56;
	objects = {

/* Begin PBXBuildFile section */
		89945FCF2A5D67E600A02400 /* NavigationSwiftUIApp.swift in Sources */ = {isa = PBXBuildFile; fileRef = 89945FCE2A5D67E600A02400 /* NavigationSwiftUIApp.swift */; };
		89945FD12A5D67E600A02400 /* ContentView.swift in Sources */ = {isa = PBXBuildFile; fileRef = 89945FD02A5D67E600A02400 /* ContentView.swift */; };
		89945FD32A5D67E700A02400 /* Assets.xcassets in Resources */ = {isa = PBXBuildFile; fileRef = 89945FD22A5D67E700A02400 /* Assets.xcassets */; };
		89945FD62A5D67E700A02400 /* Preview Assets.xcassets in Resources */ = {isa = PBXBuildFile; fileRef = 89945FD52A5D67E700A02400 /* Preview Assets.xcassets */; };
		89945FD82A5D67E700A02400 /* Persistence.swift in Sources */ = {isa = PBXBuildFile; fileRef = 89945FD72A5D67E700A02400 /* Persistence.swift */; };
		89945FDB2A5D67E700A02400 /* NavigationSwiftUI.xcdatamodeld in Sources */ = {isa = PBXBuildFile; fileRef = 89945FD92A5D67E700A02400 /* NavigationSwiftUI.xcdatamodeld */; };
		89945FE52A5D67E700A02400 /* NavigationSwiftUITests.swift in Sources */ = {isa = PBXBuildFile; fileRef = 89945FE42A5D67E700A02400 /* NavigationSwiftUITests.swift */; };
		89945FEF2A5D67E700A02400 /* NavigationSwiftUIUITests.swift in Sources */ = {isa = PBXBuildFile; fileRef = 89945FEE2A5D67E700A02400 /* NavigationSwiftUIUITests.swift */; };
		89945FF12A5D67E700A02400 /* NavigationSwiftUIUITestsLaunchTests.swift in Sources */ = {isa = PBXBuildFile; fileRef = 89945FF02A5D67E700A02400 /* NavigationSwiftUIUITestsLaunchTests.swift */; };
		899ED0172A5E57D1007261DA /* Quote.swift in Sources */ = {isa = PBXBuildFile; fileRef = 899ED0162A5E57D1007261DA /* Quote.swift */; };
/* End PBXBuildFile section */

/* Begin PBXContainerItemProxy section */
		89945FE12A5D67E700A02400 /* PBXContainerItemProxy */ = {
			isa = PBXContainerItemProxy;
			containerPortal = 89945FC32A5D67E600A02400 /* Project object */;
			proxyType = 1;
			remoteGlobalIDString = 89945FCA2A5D67E600A02400;
			remoteInfo = NavigationSwiftUI;
		};
		89945FEB2A5D67E700A02400 /* PBXContainerItemProxy */ = {
			isa = PBXContainerItemProxy;
			containerPortal = 89945FC32A5D67E600A02400 /* Project object */;
			proxyType = 1;
			remoteGlobalIDString = 89945FCA2A5D67E600A02400;
			remoteInfo = NavigationSwiftUI;
		};
/* End PBXContainerItemProxy section */

/* Begin PBXFileReference section */
		89945FCB2A5D67E600A02400 /* NavigationSwiftUI.app */ = {isa = PBXFileReference; explicitFileType = wrapper.application; includeInIndex = 0; path = NavigationSwiftUI.app; sourceTree = BUILT_PRODUCTS_DIR; };
		89945FCE2A5D67E600A02400 /* NavigationSwiftUIApp.swift */ = {isa = PBXFileReference; lastKnownFileType = sourcecode.swift; path = NavigationSwiftUIApp.swift; sourceTree = "<group>"; };
		89945FD02A5D67E600A02400 /* ContentView.swift */ = {isa = PBXFileReference; lastKnownFileType = sourcecode.swift; path = ContentView.swift; sourceTree = "<group>"; };
		89945FD22A5D67E700A02400 /* Assets.xcassets */ = {isa = PBXFileReference; lastKnownFileType = folder.assetcatalog; path = Assets.xcassets; sourceTree = "<group>"; };
		89945FD52A5D67E700A02400 /* Preview Assets.xcassets */ = {isa = PBXFileReference; lastKnownFileType = folder.assetcatalog; path = "Preview Assets.xcassets"; sourceTree = "<group>"; };
		89945FD72A5D67E700A02400 /* Persistence.swift */ = {isa = PBXFileReference; lastKnownFileType = sourcecode.swift; path = Persistence.swift; sourceTree = "<group>"; };
		89945FDA2A5D67E700A02400 /* NavigationSwiftUI.xcdatamodel */ = {isa = PBXFileReference; lastKnownFileType = wrapper.xcdatamodel; path = NavigationSwiftUI.xcdatamodel; sourceTree = "<group>"; };
		89945FE02A5D67E700A02400 /* NavigationSwiftUITests.xctest */ = {isa = PBXFileReference; explicitFileType = wrapper.cfbundle; includeInIndex = 0; path = NavigationSwiftUITests.xctest; sourceTree = BUILT_PRODUCTS_DIR; };
		89945FE42A5D67E700A02400 /* NavigationSwiftUITests.swift */ = {isa = PBXFileReference; lastKnownFileType = sourcecode.swift; path = NavigationSwiftUITests.swift; sourceTree = "<group>"; };
		89945FEA2A5D67E700A02400 /* NavigationSwiftUIUITests.xctest */ = {isa = PBXFileReference; explicitFileType = wrapper.cfbundle; includeInIndex = 0; path = NavigationSwiftUIUITests.xctest; sourceTree = BUILT_PRODUCTS_DIR; };
		89945FEE2A5D67E700A02400 /* NavigationSwiftUIUITests.swift */ = {isa = PBXFileReference; lastKnownFileType = sourcecode.swift; path = NavigationSwiftUIUITests.swift; sourceTree = "<group>"; };
		89945FF02A5D67E700A02400 /* NavigationSwiftUIUITestsLaunchTests.swift */ = {isa = PBXFileReference; lastKnownFileType = sourcecode.swift; path = NavigationSwiftUIUITestsLaunchTests.swift; sourceTree = "<group>"; };
		899ED0162A5E57D1007261DA /* Quote.swift */ = {isa = PBXFileReference; lastKnownFileType = sourcecode.swift; path = Quote.swift; sourceTree = "<group>"; };
/* End PBXFileReference section */

/* Begin PBXFrameworksBuildPhase section */
		89945FC82A5D67E600A02400 /* Frameworks */ = {
			isa = PBXFrameworksBuildPhase;
			buildActionMask = 2147483647;
			files = (
			);
			runOnlyForDeploymentPostprocessing = 0;
		};
		89945FDD2A5D67E700A02400 /* Frameworks */ = {
			isa = PBXFrameworksBuildPhase;
			buildActionMask = 2147483647;
			files = (
			);
			runOnlyForDeploymentPostprocessing = 0;
		};
		89945FE72A5D67E700A02400 /* Frameworks */ = {
			isa = PBXFrameworksBuildPhase;
			buildActionMask = 2147483647;
			files = (
			);
			runOnlyForDeploymentPostprocessing = 0;
		};
/* End PBXFrameworksBuildPhase section */

/* Begin PBXGroup section */
		89945FC22A5D67E600A02400 = {
			isa = PBXGroup;
			children = (
				89945FCD2A5D67E600A02400 /* NavigationSwiftUI */,
				89945FE32A5D67E700A02400 /* NavigationSwiftUITests */,
				89945FED2A5D67E700A02400 /* NavigationSwiftUIUITests */,
				89945FCC2A5D67E600A02400 /* Products */,
			);
			sourceTree = "<group>";
		};
		89945FCC2A5D67E600A02400 /* Products */ = {
			isa = PBXGroup;
			children = (
				89945FCB2A5D67E600A02400 /* NavigationSwiftUI.app */,
				89945FE02A5D67E700A02400 /* NavigationSwiftUITests.xctest */,
				89945FEA2A5D67E700A02400 /* NavigationSwiftUIUITests.xctest */,
			);
			name = Products;
			sourceTree = "<group>";
		};
		89945FCD2A5D67E600A02400 /* NavigationSwiftUI */ = {
			isa = PBXGroup;
			children = (
				89945FCE2A5D67E600A02400 /* NavigationSwiftUIApp.swift */,
				899ED0152A5E5757007261DA /* View */,
				899ED0142A5E5750007261DA /* Model */,
				89945FD22A5D67E700A02400 /* Assets.xcassets */,
				89945FD72A5D67E700A02400 /* Persistence.swift */,
				89945FD92A5D67E700A02400 /* NavigationSwiftUI.xcdatamodeld */,
				89945FD42A5D67E700A02400 /* Preview Content */,
			);
			path = NavigationSwiftUI;
			sourceTree = "<group>";
		};
		89945FD42A5D67E700A02400 /* Preview Content */ = {
			isa = PBXGroup;
			children = (
				89945FD52A5D67E700A02400 /* Preview Assets.xcassets */,
			);
			path = "Preview Content";
			sourceTree = "<group>";
		};
		89945FE32A5D67E700A02400 /* NavigationSwiftUITests */ = {
			isa = PBXGroup;
			children = (
				89945FE42A5D67E700A02400 /* NavigationSwiftUITests.swift */,
			);
			path = NavigationSwiftUITests;
			sourceTree = "<group>";
		};
		89945FED2A5D67E700A02400 /* NavigationSwiftUIUITests */ = {
			isa = PBXGroup;
			children = (
				89945FEE2A5D67E700A02400 /* NavigationSwiftUIUITests.swift */,
				89945FF02A5D67E700A02400 /* NavigationSwiftUIUITestsLaunchTests.swift */,
			);
			path = NavigationSwiftUIUITests;
			sourceTree = "<group>";
		};
		899ED0142A5E5750007261DA /* Model */ = {
			isa = PBXGroup;
			children = (
				899ED0162A5E57D1007261DA /* Quote.swift */,
			);
			path = Model;
			sourceTree = "<group>";
		};
		899ED0152A5E5757007261DA /* View */ = {
			isa = PBXGroup;
			children = (
				89945FD02A5D67E600A02400 /* ContentView.swift */,
			);
			path = View;
			sourceTree = "<group>";
		};
/* End PBXGroup section */

/* Begin PBXNativeTarget section */
		89945FCA2A5D67E600A02400 /* NavigationSwiftUI */ = {
			isa = PBXNativeTarget;
			buildConfigurationList = 89945FF42A5D67E700A02400 /* Build configuration list for PBXNativeTarget "NavigationSwiftUI" */;
			buildPhases = (
				89945FC72A5D67E600A02400 /* Sources */,
				89945FC82A5D67E600A02400 /* Frameworks */,
				89945FC92A5D67E600A02400 /* Resources */,
			);
			buildRules = (
			);
			dependencies = (
			);
			name = NavigationSwiftUI;
			productName = NavigationSwiftUI;
			productReference = 89945FCB2A5D67E600A02400 /* NavigationSwiftUI.app */;
			productType = "com.apple.product-type.application";
		};
		89945FDF2A5D67E700A02400 /* NavigationSwiftUITests */ = {
			isa = PBXNativeTarget;
			buildConfigurationList = 89945FF72A5D67E700A02400 /* Build configuration list for PBXNativeTarget "NavigationSwiftUITests" */;
			buildPhases = (
				89945FDC2A5D67E700A02400 /* Sources */,
				89945FDD2A5D67E700A02400 /* Frameworks */,
				89945FDE2A5D67E700A02400 /* Resources */,
			);
			buildRules = (
			);
			dependencies = (
				89945FE22A5D67E700A02400 /* PBXTargetDependency */,
			);
			name = NavigationSwiftUITests;
			productName = NavigationSwiftUITests;
			productReference = 89945FE02A5D67E700A02400 /* NavigationSwiftUITests.xctest */;
			productType = "com.apple.product-type.bundle.unit-test";
		};
		89945FE92A5D67E700A02400 /* NavigationSwiftUIUITests */ = {
			isa = PBXNativeTarget;
			buildConfigurationList = 89945FFA2A5D67E700A02400 /* Build configuration list for PBXNativeTarget "NavigationSwiftUIUITests" */;
			buildPhases = (
				89945FE62A5D67E700A02400 /* Sources */,
				89945FE72A5D67E700A02400 /* Frameworks */,
				89945FE82A5D67E700A02400 /* Resources */,
			);
			buildRules = (
			);
			dependencies = (
				89945FEC2A5D67E700A02400 /* PBXTargetDependency */,
			);
			name = NavigationSwiftUIUITests;
			productName = NavigationSwiftUIUITests;
			productReference = 89945FEA2A5D67E700A02400 /* NavigationSwiftUIUITests.xctest */;
			productType = "com.apple.product-type.bundle.ui-testing";
		};
/* End PBXNativeTarget section */

/* Begin PBXProject section */
		89945FC32A5D67E600A02400 /* Project object */ = {
			isa = PBXProject;
			attributes = {
				BuildIndependentTargetsInParallel = 1;
				LastSwiftUpdateCheck = 1420;
				LastUpgradeCheck = 1420;
				TargetAttributes = {
					89945FCA2A5D67E600A02400 = {
						CreatedOnToolsVersion = 14.2;
					};
					89945FDF2A5D67E700A02400 = {
						CreatedOnToolsVersion = 14.2;
						TestTargetID = 89945FCA2A5D67E600A02400;
					};
					89945FE92A5D67E700A02400 = {
						CreatedOnToolsVersion = 14.2;
						TestTargetID = 89945FCA2A5D67E600A02400;
					};
				};
			};
			buildConfigurationList = 89945FC62A5D67E600A02400 /* Build configuration list for PBXProject "NavigationSwiftUI" */;
			compatibilityVersion = "Xcode 14.0";
			developmentRegion = en;
			hasScannedForEncodings = 0;
			knownRegions = (
				en,
				Base,
			);
			mainGroup = 89945FC22A5D67E600A02400;
			productRefGroup = 89945FCC2A5D67E600A02400 /* Products */;
			projectDirPath = "";
			projectRoot = "";
			targets = (
				89945FCA2A5D67E600A02400 /* NavigationSwiftUI */,
				89945FDF2A5D67E700A02400 /* NavigationSwiftUITests */,
				89945FE92A5D67E700A02400 /* NavigationSwiftUIUITests */,
			);
		};
/* End PBXProject section */

/* Begin PBXResourcesBuildPhase section */
		89945FC92A5D67E600A02400 /* Resources */ = {
			isa = PBXResourcesBuildPhase;
			buildActionMask = 2147483647;
			files = (
				89945FD62A5D67E700A02400 /* Preview Assets.xcassets in Resources */,
				89945FD32A5D67E700A02400 /* Assets.xcassets in Resources */,
			);
			runOnlyForDeploymentPostprocessing = 0;
		};
		89945FDE2A5D67E700A02400 /* Resources */ = {
			isa = PBXResourcesBuildPhase;
			buildActionMask = 2147483647;
			files = (
			);
			runOnlyForDeploymentPostprocessing = 0;
		};
		89945FE82A5D67E700A02400 /* Resources */ = {
			isa = PBXResourcesBuildPhase;
			buildActionMask = 2147483647;
			files = (
			);
			runOnlyForDeploymentPostprocessing = 0;
		};
/* End PBXResourcesBuildPhase section */

/* Begin PBXSourcesBuildPhase section */
		89945FC72A5D67E600A02400 /* Sources */ = {
			isa = PBXSourcesBuildPhase;
			buildActionMask = 2147483647;
			files = (
				89945FD82A5D67E700A02400 /* Persistence.swift in Sources */,
				89945FDB2A5D67E700A02400 /* NavigationSwiftUI.xcdatamodeld in Sources */,
				89945FD12A5D67E600A02400 /* ContentView.swift in Sources */,
				899ED0172A5E57D1007261DA /* Quote.swift in Sources */,
				89945FCF2A5D67E600A02400 /* NavigationSwiftUIApp.swift in Sources */,
			);
			runOnlyForDeploymentPostprocessing = 0;
		};
		89945FDC2A5D67E700A02400 /* Sources */ = {
			isa = PBXSourcesBuildPhase;
			buildActionMask = 2147483647;
			files = (
				89945FE52A5D67E700A02400 /* NavigationSwiftUITests.swift in Sources */,
			);
			runOnlyForDeploymentPostprocessing = 0;
		};
		89945FE62A5D67E700A02400 /* Sources */ = {
			isa = PBXSourcesBuildPhase;
			buildActionMask = 2147483647;
			files = (
				89945FF12A5D67E700A02400 /* NavigationSwiftUIUITestsLaunchTests.swift in Sources */,
				89945FEF2A5D67E700A02400 /* NavigationSwiftUIUITests.swift in Sources */,
			);
			runOnlyForDeploymentPostprocessing = 0;
		};
/* End PBXSourcesBuildPhase section */

/* Begin PBXTargetDependency section */
		89945FE22A5D67E700A02400 /* PBXTargetDependency */ = {
			isa = PBXTargetDependency;
			target = 89945FCA2A5D67E600A02400 /* NavigationSwiftUI */;
			targetProxy = 89945FE12A5D67E700A02400 /* PBXContainerItemProxy */;
		};
		89945FEC2A5D67E700A02400 /* PBXTargetDependency */ = {
			isa = PBXTargetDependency;
			target = 89945FCA2A5D67E600A02400 /* NavigationSwiftUI */;
			targetProxy = 89945FEB2A5D67E700A02400 /* PBXContainerItemProxy */;
		};
/* End PBXTargetDependency section */

/* Begin XCBuildConfiguration section */
		89945FF22A5D67E700A02400 /* Debug */ = {
			isa = XCBuildConfiguration;
			buildSettings = {
				ALWAYS_SEARCH_USER_PATHS = NO;
				CLANG_ANALYZER_NONNULL = YES;
				CLANG_ANALYZER_NUMBER_OBJECT_CONVERSION = YES_AGGRESSIVE;
				CLANG_CXX_LANGUAGE_STANDARD = "gnu++20";
				CLANG_ENABLE_MODULES = YES;
				CLANG_ENABLE_OBJC_ARC = YES;
				CLANG_ENABLE_OBJC_WEAK = YES;
				CLANG_WARN_BLOCK_CAPTURE_AUTORELEASING = YES;
				CLANG_WARN_BOOL_CONVERSION = YES;
				CLANG_WARN_COMMA = YES;
				CLANG_WARN_CONSTANT_CONVERSION = YES;
				CLANG_WARN_DEPRECATED_OBJC_IMPLEMENTATIONS = YES;
				CLANG_WARN_DIRECT_OBJC_ISA_USAGE = YES_ERROR;
				CLANG_WARN_DOCUMENTATION_COMMENTS = YES;
				CLANG_WARN_EMPTY_BODY = YES;
				CLANG_WARN_ENUM_CONVERSION = YES;
				CLANG_WARN_INFINITE_RECURSION = YES;
				CLANG_WARN_INT_CONVERSION = YES;
				CLANG_WARN_NON_LITERAL_NULL_CONVERSION = YES;
				CLANG_WARN_OBJC_IMPLICIT_RETAIN_SELF = YES;
				CLANG_WARN_OBJC_LITERAL_CONVERSION = YES;
				CLANG_WARN_OBJC_ROOT_CLASS = YES_ERROR;
				CLANG_WARN_QUOTED_INCLUDE_IN_FRAMEWORK_HEADER = YES;
				CLANG_WARN_RANGE_LOOP_ANALYSIS = YES;
				CLANG_WARN_STRICT_PROTOTYPES = YES;
				CLANG_WARN_SUSPICIOUS_MOVE = YES;
				CLANG_WARN_UNGUARDED_AVAILABILITY = YES_AGGRESSIVE;
				CLANG_WARN_UNREACHABLE_CODE = YES;
				CLANG_WARN__DUPLICATE_METHOD_MATCH = YES;
				COPY_PHASE_STRIP = NO;
				DEBUG_INFORMATION_FORMAT = dwarf;
				ENABLE_STRICT_OBJC_MSGSEND = YES;
				ENABLE_TESTABILITY = YES;
				GCC_C_LANGUAGE_STANDARD = gnu11;
				GCC_DYNAMIC_NO_PIC = NO;
				GCC_NO_COMMON_BLOCKS = YES;
				GCC_OPTIMIZATION_LEVEL = 0;
				GCC_PREPROCESSOR_DEFINITIONS = (
					"DEBUG=1",
					"$(inherited)",
				);
				GCC_WARN_64_TO_32_BIT_CONVERSION = YES;
				GCC_WARN_ABOUT_RETURN_TYPE = YES_ERROR;
				GCC_WARN_UNDECLARED_SELECTOR = YES;
				GCC_WARN_UNINITIALIZED_AUTOS = YES_AGGRESSIVE;
				GCC_WARN_UNUSED_FUNCTION = YES;
				GCC_WARN_UNUSED_VARIABLE = YES;
				IPHONEOS_DEPLOYMENT_TARGET = 16.2;
				MTL_ENABLE_DEBUG_INFO = INCLUDE_SOURCE;
				MTL_FAST_MATH = YES;
				ONLY_ACTIVE_ARCH = YES;
				SDKROOT = iphoneos;
				SWIFT_ACTIVE_COMPILATION_CONDITIONS = DEBUG;
				SWIFT_OPTIMIZATION_LEVEL = "-Onone";
			};
			name = Debug;
		};
		89945FF32A5D67E700A02400 /* Release */ = {
			isa = XCBuildConfiguration;
			buildSettings = {
				ALWAYS_SEARCH_USER_PATHS = NO;
				CLANG_ANALYZER_NONNULL = YES;
				CLANG_ANALYZER_NUMBER_OBJECT_CONVERSION = YES_AGGRESSIVE;
				CLANG_CXX_LANGUAGE_STANDARD = "gnu++20";
				CLANG_ENABLE_MODULES = YES;
				CLANG_ENABLE_OBJC_ARC = YES;
				CLANG_ENABLE_OBJC_WEAK = YES;
				CLANG_WARN_BLOCK_CAPTURE_AUTORELEASING = YES;
				CLANG_WARN_BOOL_CONVERSION = YES;
				CLANG_WARN_COMMA = YES;
				CLANG_WARN_CONSTANT_CONVERSION = YES;
				CLANG_WARN_DEPRECATED_OBJC_IMPLEMENTATIONS = YES;
				CLANG_WARN_DIRECT_OBJC_ISA_USAGE = YES_ERROR;
				CLANG_WARN_DOCUMENTATION_COMMENTS = YES;
				CLANG_WARN_EMPTY_BODY = YES;
				CLANG_WARN_ENUM_CONVERSION = YES;
				CLANG_WARN_INFINITE_RECURSION = YES;
				CLANG_WARN_INT_CONVERSION = YES;
				CLANG_WARN_NON_LITERAL_NULL_CONVERSION = YES;
				CLANG_WARN_OBJC_IMPLICIT_RETAIN_SELF = YES;
				CLANG_WARN_OBJC_LITERAL_CONVERSION = YES;
				CLANG_WARN_OBJC_ROOT_CLASS = YES_ERROR;
				CLANG_WARN_QUOTED_INCLUDE_IN_FRAMEWORK_HEADER = YES;
				CLANG_WARN_RANGE_LOOP_ANALYSIS = YES;
				CLANG_WARN_STRICT_PROTOTYPES = YES;
				CLANG_WARN_SUSPICIOUS_MOVE = YES;
				CLANG_WARN_UNGUARDED_AVAILABILITY = YES_AGGRESSIVE;
				CLANG_WARN_UNREACHABLE_CODE = YES;
				CLANG_WARN__DUPLICATE_METHOD_MATCH = YES;
				COPY_PHASE_STRIP = NO;
				DEBUG_INFORMATION_FORMAT = "dwarf-with-dsym";
				ENABLE_NS_ASSERTIONS = NO;
				ENABLE_STRICT_OBJC_MSGSEND = YES;
				GCC_C_LANGUAGE_STANDARD = gnu11;
				GCC_NO_COMMON_BLOCKS = YES;
				GCC_WARN_64_TO_32_BIT_CONVERSION = YES;
				GCC_WARN_ABOUT_RETURN_TYPE = YES_ERROR;
				GCC_WARN_UNDECLARED_SELECTOR = YES;
				GCC_WARN_UNINITIALIZED_AUTOS = YES_AGGRESSIVE;
				GCC_WARN_UNUSED_FUNCTION = YES;
				GCC_WARN_UNUSED_VARIABLE = YES;
				IPHONEOS_DEPLOYMENT_TARGET = 16.2;
				MTL_ENABLE_DEBUG_INFO = NO;
				MTL_FAST_MATH = YES;
				SDKROOT = iphoneos;
				SWIFT_COMPILATION_MODE = wholemodule;
				SWIFT_OPTIMIZATION_LEVEL = "-O";
				VALIDATE_PRODUCT = YES;
			};
			name = Release;
		};
		89945FF52A5D67E700A02400 /* Debug */ = {
			isa = XCBuildConfiguration;
			buildSettings = {
				ASSETCATALOG_COMPILER_APPICON_NAME = AppIcon;
				ASSETCATALOG_COMPILER_GLOBAL_ACCENT_COLOR_NAME = AccentColor;
				CODE_SIGN_STYLE = Automatic;
				CURRENT_PROJECT_VERSION = 1;
				DEVELOPMENT_ASSET_PATHS = "\"NavigationSwiftUI/Preview Content\"";
				DEVELOPMENT_TEAM = C8ZQ8987X9;
				ENABLE_PREVIEWS = YES;
				GENERATE_INFOPLIST_FILE = YES;
				INFOPLIST_KEY_UIApplicationSceneManifest_Generation = YES;
				INFOPLIST_KEY_UIApplicationSupportsIndirectInputEvents = YES;
				INFOPLIST_KEY_UILaunchScreen_Generation = YES;
				INFOPLIST_KEY_UISupportedInterfaceOrientations_iPad = "UIInterfaceOrientationPortrait UIInterfaceOrientationPortraitUpsideDown UIInterfaceOrientationLandscapeLeft UIInterfaceOrientationLandscapeRight";
				INFOPLIST_KEY_UISupportedInterfaceOrientations_iPhone = "UIInterfaceOrientationPortrait UIInterfaceOrientationLandscapeLeft UIInterfaceOrientationLandscapeRight";
				LD_RUNPATH_SEARCH_PATHS = (
					"$(inherited)",
					"@executable_path/Frameworks",
				);
				MARKETING_VERSION = 1.0;
				PRODUCT_BUNDLE_IDENTIFIER = Image.NavigationSwiftUI;
				PRODUCT_NAME = "$(TARGET_NAME)";
				SWIFT_EMIT_LOC_STRINGS = YES;
				SWIFT_VERSION = 5.0;
				TARGETED_DEVICE_FAMILY = "1,2";
			};
			name = Debug;
		};
		89945FF62A5D67E700A02400 /* Release */ = {
			isa = XCBuildConfiguration;
			buildSettings = {
				ASSETCATALOG_COMPILER_APPICON_NAME = AppIcon;
				ASSETCATALOG_COMPILER_GLOBAL_ACCENT_COLOR_NAME = AccentColor;
				CODE_SIGN_STYLE = Automatic;
				CURRENT_PROJECT_VERSION = 1;
				DEVELOPMENT_ASSET_PATHS = "\"NavigationSwiftUI/Preview Content\"";
				DEVELOPMENT_TEAM = C8ZQ8987X9;
				ENABLE_PREVIEWS = YES;
				GENERATE_INFOPLIST_FILE = YES;
				INFOPLIST_KEY_UIApplicationSceneManifest_Generation = YES;
				INFOPLIST_KEY_UIApplicationSupportsIndirectInputEvents = YES;
				INFOPLIST_KEY_UILaunchScreen_Generation = YES;
				INFOPLIST_KEY_UISupportedInterfaceOrientations_iPad = "UIInterfaceOrientationPortrait UIInterfaceOrientationPortraitUpsideDown UIInterfaceOrientationLandscapeLeft UIInterfaceOrientationLandscapeRight";
				INFOPLIST_KEY_UISupportedInterfaceOrientations_iPhone = "UIInterfaceOrientationPortrait UIInterfaceOrientationLandscapeLeft UIInterfaceOrientationLandscapeRight";
				LD_RUNPATH_SEARCH_PATHS = (
					"$(inherited)",
					"@executable_path/Frameworks",
				);
				MARKETING_VERSION = 1.0;
				PRODUCT_BUNDLE_IDENTIFIER = Image.NavigationSwiftUI;
				PRODUCT_NAME = "$(TARGET_NAME)";
				SWIFT_EMIT_LOC_STRINGS = YES;
				SWIFT_VERSION = 5.0;
				TARGETED_DEVICE_FAMILY = "1,2";
			};
			name = Release;
		};
		89945FF82A5D67E700A02400 /* Debug */ = {
			isa = XCBuildConfiguration;
			buildSettings = {
				ALWAYS_EMBED_SWIFT_STANDARD_LIBRARIES = YES;
				BUNDLE_LOADER = "$(TEST_HOST)";
				CODE_SIGN_STYLE = Automatic;
				CURRENT_PROJECT_VERSION = 1;
				DEVELOPMENT_TEAM = C8ZQ8987X9;
				GENERATE_INFOPLIST_FILE = YES;
				IPHONEOS_DEPLOYMENT_TARGET = 16.2;
				MARKETING_VERSION = 1.0;
				PRODUCT_BUNDLE_IDENTIFIER = Image.NavigationSwiftUITests;
				PRODUCT_NAME = "$(TARGET_NAME)";
				SWIFT_EMIT_LOC_STRINGS = NO;
				SWIFT_VERSION = 5.0;
				TARGETED_DEVICE_FAMILY = "1,2";
				TEST_HOST = "$(BUILT_PRODUCTS_DIR)/NavigationSwiftUI.app/$(BUNDLE_EXECUTABLE_FOLDER_PATH)/NavigationSwiftUI";
			};
			name = Debug;
		};
		89945FF92A5D67E700A02400 /* Release */ = {
			isa = XCBuildConfiguration;
			buildSettings = {
				ALWAYS_EMBED_SWIFT_STANDARD_LIBRARIES = YES;
				BUNDLE_LOADER = "$(TEST_HOST)";
				CODE_SIGN_STYLE = Automatic;
				CURRENT_PROJECT_VERSION = 1;
				DEVELOPMENT_TEAM = C8ZQ8987X9;
				GENERATE_INFOPLIST_FILE = YES;
				IPHONEOS_DEPLOYMENT_TARGET = 16.2;
				MARKETING_VERSION = 1.0;
				PRODUCT_BUNDLE_IDENTIFIER = Image.NavigationSwiftUITests;
				PRODUCT_NAME = "$(TARGET_NAME)";
				SWIFT_EMIT_LOC_STRINGS = NO;
				SWIFT_VERSION = 5.0;
				TARGETED_DEVICE_FAMILY = "1,2";
				TEST_HOST = "$(BUILT_PRODUCTS_DIR)/NavigationSwiftUI.app/$(BUNDLE_EXECUTABLE_FOLDER_PATH)/NavigationSwiftUI";
			};
			name = Release;
		};
		89945FFB2A5D67E700A02400 /* Debug */ = {
			isa = XCBuildConfiguration;
			buildSettings = {
				ALWAYS_EMBED_SWIFT_STANDARD_LIBRARIES = YES;
				CODE_SIGN_STYLE = Automatic;
				CURRENT_PROJECT_VERSION = 1;
				DEVELOPMENT_TEAM = C8ZQ8987X9;
				GENERATE_INFOPLIST_FILE = YES;
				MARKETING_VERSION = 1.0;
				PRODUCT_BUNDLE_IDENTIFIER = Image.NavigationSwiftUIUITests;
				PRODUCT_NAME = "$(TARGET_NAME)";
				SWIFT_EMIT_LOC_STRINGS = NO;
				SWIFT_VERSION = 5.0;
				TARGETED_DEVICE_FAMILY = "1,2";
				TEST_TARGET_NAME = NavigationSwiftUI;
			};
			name = Debug;
		};
		89945FFC2A5D67E700A02400 /* Release */ = {
			isa = XCBuildConfiguration;
			buildSettings = {
				ALWAYS_EMBED_SWIFT_STANDARD_LIBRARIES = YES;
				CODE_SIGN_STYLE = Automatic;
				CURRENT_PROJECT_VERSION = 1;
				DEVELOPMENT_TEAM = C8ZQ8987X9;
				GENERATE_INFOPLIST_FILE = YES;
				MARKETING_VERSION = 1.0;
				PRODUCT_BUNDLE_IDENTIFIER = Image.NavigationSwiftUIUITests;
				PRODUCT_NAME = "$(TARGET_NAME)";
				SWIFT_EMIT_LOC_STRINGS = NO;
				SWIFT_VERSION = 5.0;
				TARGETED_DEVICE_FAMILY = "1,2";
				TEST_TARGET_NAME = NavigationSwiftUI;
			};
			name = Release;
		};
/* End XCBuildConfiguration section */

/* Begin XCConfigurationList section */
		89945FC62A5D67E600A02400 /* Build configuration list for PBXProject "NavigationSwiftUI" */ = {
			isa = XCConfigurationList;
			buildConfigurations = (
				89945FF22A5D67E700A02400 /* Debug */,
				89945FF32A5D67E700A02400 /* Release */,
			);
			defaultConfigurationIsVisible = 0;
			defaultConfigurationName = Release;
		};
		89945FF42A5D67E700A02400 /* Build configuration list for PBXNativeTarget "NavigationSwiftUI" */ = {
			isa = XCConfigurationList;
			buildConfigurations = (
				89945FF52A5D67E700A02400 /* Debug */,
				89945FF62A5D67E700A02400 /* Release */,
			);
			defaultConfigurationIsVisible = 0;
			defaultConfigurationName = Release;
		};
		89945FF72A5D67E700A02400 /* Build configuration list for PBXNativeTarget "NavigationSwiftUITests" */ = {
			isa = XCConfigurationList;
			buildConfigurations = (
				89945FF82A5D67E700A02400 /* Debug */,
				89945FF92A5D67E700A02400 /* Release */,
			);
			defaultConfigurationIsVisible = 0;
			defaultConfigurationName = Release;
		};
		89945FFA2A5D67E700A02400 /* Build configuration list for PBXNativeTarget "NavigationSwiftUIUITests" */ = {
			isa = XCConfigurationList;
			buildConfigurations = (
				89945FFB2A5D67E700A02400 /* Debug */,
				89945FFC2A5D67E700A02400 /* Release */,
			);
			defaultConfigurationIsVisible = 0;
			defaultConfigurationName = Release;
		};
/* End XCConfigurationList section */

/* Begin XCVersionGroup section */
		89945FD92A5D67E700A02400 /* NavigationSwiftUI.xcdatamodeld */ = {
			isa = XCVersionGroup;
			children = (
				89945FDA2A5D67E700A02400 /* NavigationSwiftUI.xcdatamodel */,
			);
			currentVersion = 89945FDA2A5D67E700A02400 /* NavigationSwiftUI.xcdatamodel */;
			path = NavigationSwiftUI.xcdatamodeld;
			sourceTree = "<group>";
			versionGroupType = wrapper.xcdatamodel;
		};
/* End XCVersionGroup section */
	};
	rootObject = 89945FC32A5D67E600A02400 /* Project object */;
}
